
Microsoft Visual Studio Solution File, Format Version 12.00
# Visual Studio Version 17
VisualStudioVersion = 17.4.33213.308
MinimumVisualStudioVersion = 10.0.40219.1
Project("{9A19103F-16F7-4668-BE54-9A1E7A4F7556}") = "DockerApi", "DockerApi\DockerApi.csproj", "{101CACD4-66E9-4D83-9EFF-C863F93DA6C7}"
EndProject
Project("{9A19103F-16F7-4668-BE54-9A1E7A4F7556}") = "DockerMvc", "DockerMvc\DockerMvc.csproj", "{8414074D-5FF3-4EA5-B553-D0616D2B41A6}"
EndProject
Project("{9A19103F-16F7-4668-BE54-9A1E7A4F7556}") = "DockerDataModel", "DockerDataModel\DockerDataModel.csproj", "{03B26913-9058-4954-9013-608B9F4190DC}"
EndProject
Project("{9A19103F-16F7-4668-BE54-9A1E7A4F7556}") = "DockerConsole", "DockerConsole\DockerConsole.csproj", "{80EA7B51-FF4E-47E0-BEDD-790AA53236AE}"
EndProject
Project("{E53339B2-1760-4266-BCC7-CA923CBCF16C}") = "docker-compose", "docker-compose.dcproj", "{DD7727F4-1229-47E6-AF6C-47F49606CDB0}"
EndProject
Project("{2150E333-8FDC-42A3-9474-1A3956D46DE8}") = "ThirdPartRefDll", "ThirdPartRefDll", "{C2EB99A1-1AEC-40B5-9BA9-1F9B372D0C6B}"
	ProjectSection(SolutionItems) = preProject
		ThirdPartRefDll\EMI.Infrastructure.dll = ThirdPartRefDll\EMI.Infrastructure.dll
	EndProjectSection
EndProject
Global
	GlobalSection(SolutionConfigurationPlatforms) = preSolution
		Debug|Any CPU = Debug|Any CPU
		Release|Any CPU = Release|Any CPU
	EndGlobalSection
	GlobalSection(ProjectConfigurationPlatforms) = postSolution
		{101CACD4-66E9-4D83-9EFF-C863F93DA6C7}.Debug|Any CPU.ActiveCfg = Debug|Any CPU
		{101CACD4-66E9-4D83-9EFF-C863F93DA6C7}.Debug|Any CPU.Build.0 = Debug|Any CPU
		{101CACD4-66E9-4D83-9EFF-C863F93DA6C7}.Release|Any CPU.ActiveCfg = Release|Any CPU
		{101CACD4-66E9-4D83-9EFF-C863F93DA6C7}.Release|Any CPU.Build.0 = Release|Any CPU
		{8414074D-5FF3-4EA5-B553-D0616D2B41A6}.Debug|Any CPU.ActiveCfg = Debug|Any CPU
		{8414074D-5FF3-4EA5-B553-D0616D2B41A6}.Debug|Any CPU.Build.0 = Debug|Any CPU
		{8414074D-5FF3-4EA5-B553-D0616D2B41A6}.Release|Any CPU.ActiveCfg = Release|Any CPU
		{8414074D-5FF3-4EA5-B553-D0616D2B41A6}.Release|Any CPU.Build.0 = Release|Any CPU
		{03B26913-9058-4954-9013-608B9F4190DC}.Debug|Any CPU.ActiveCfg = Debug|Any CPU
		{03B26913-9058-4954-9013-608B9F4190DC}.Debug|Any CPU.Build.0 = Debug|Any CPU
		{03B26913-9058-4954-9013-608B9F4190DC}.Release|Any CPU.ActiveCfg = Release|Any CPU
		{03B26913-9058-4954-9013-608B9F4190DC}.Release|Any CPU.Build.0 = Release|Any CPU
		{80EA7B51-FF4E-47E0-BEDD-790AA53236AE}.Debug|Any CPU.ActiveCfg = Debug|Any CPU
		{80EA7B51-FF4E-47E0-BEDD-790AA53236AE}.Debug|Any CPU.Build.0 = Debug|Any CPU
		{80EA7B51-FF4E-47E0-BEDD-790AA53236AE}.Release|Any CPU.ActiveCfg = Release|Any CPU
		{80EA7B51-FF4E-47E0-BEDD-790AA53236AE}.Release|Any CPU.Build.0 = Release|Any CPU
		{DD7727F4-1229-47E6-AF6C-47F49606CDB0}.Debug|Any CPU.ActiveCfg = Debug|Any CPU
		{DD7727F4-1229-47E6-AF6C-47F49606CDB0}.Debug|Any CPU.Build.0 = Debug|Any CPU
		{DD7727F4-1229-47E6-AF6C-47F49606CDB0}.Release|Any CPU.ActiveCfg = Release|Any CPU
		{DD7727F4-1229-47E6-AF6C-47F49606CDB0}.Release|Any CPU.Build.0 = Release|Any CPU
	EndGlobalSection
	GlobalSection(SolutionProperties) = preSolution
		HideSolutionNode = FALSE
	EndGlobalSection
	GlobalSection(ExtensibilityGlobals) = postSolution
		SolutionGuid = {62469F85-DC40-4507-9B6B-5AE217AF267B}
	EndGlobalSection
EndGlobal
